// !$*UTF8*$!
{
	archiveVersion = 1;
	classes = {
	};
	objectVersion = 50;
	objects = {

/* Begin PBXBuildFile section */
		3E6CB32C2161D6AC00875C19 /* AppDelegate.swift in Sources */ = {isa = PBXBuildFile; fileRef = 3E6CB32B2161D6AC00875C19 /* AppDelegate.swift */; };
		3E6CB32E2161D6AC00875C19 /* ViewController.swift in Sources */ = {isa = PBXBuildFile; fileRef = 3E6CB32D2161D6AC00875C19 /* ViewController.swift */; };
		3E6CB3312161D6AC00875C19 /* Main.storyboard in Resources */ = {isa = PBXBuildFile; fileRef = 3E6CB32F2161D6AC00875C19 /* Main.storyboard */; };
		3E6CB3332161D6AE00875C19 /* Assets.xcassets in Resources */ = {isa = PBXBuildFile; fileRef = 3E6CB3322161D6AE00875C19 /* Assets.xcassets */; };
		3E6CB3362161D6AE00875C19 /* LaunchScreen.storyboard in Resources */ = {isa = PBXBuildFile; fileRef = 3E6CB3342161D6AE00875C19 /* LaunchScreen.storyboard */; };
		3E6CB33E2162A2AB00875C19 /* CollectionView.swift in Sources */ = {isa = PBXBuildFile; fileRef = 3E6CB33D2162A2AB00875C19 /* CollectionView.swift */; };
		3E6CB3402162DF6400875C19 /* Layout.swift in Sources */ = {isa = PBXBuildFile; fileRef = 3E6CB33F2162DF6400875C19 /* Layout.swift */; };
		B12905E644EF1EA0F68A74FC /* Pods_YogaTest.framework in Frameworks */ = {isa = PBXBuildFile; fileRef = 0D635362BA424D1C7BD47559 /* Pods_YogaTest.framework */; };
/* End PBXBuildFile section */

/* Begin PBXFileReference section */
		0D635362BA424D1C7BD47559 /* Pods_YogaTest.framework */ = {isa = PBXFileReference; explicitFileType = wrapper.framework; includeInIndex = 0; path = Pods_YogaTest.framework; sourceTree = BUILT_PRODUCTS_DIR; };
		3C30E7EBDB81F197C654EAD8 /* Pods-YogaTest.debug.xcconfig */ = {isa = PBXFileReference; includeInIndex = 1; lastKnownFileType = text.xcconfig; name = "Pods-YogaTest.debug.xcconfig"; path = "Pods/Target Support Files/Pods-YogaTest/Pods-YogaTest.debug.xcconfig"; sourceTree = "<group>"; };
		3E6CB3282161D6AC00875C19 /* YogaTest.app */ = {isa = PBXFileReference; explicitFileType = wrapper.application; includeInIndex = 0; path = YogaTest.app; sourceTree = BUILT_PRODUCTS_DIR; };
		3E6CB32B2161D6AC00875C19 /* AppDelegate.swift */ = {isa = PBXFileReference; lastKnownFileType = sourcecode.swift; path = AppDelegate.swift; sourceTree = "<group>"; };
		3E6CB32D2161D6AC00875C19 /* ViewController.swift */ = {isa = PBXFileReference; lastKnownFileType = sourcecode.swift; path = ViewController.swift; sourceTree = "<group>"; };
		3E6CB3302161D6AC00875C19 /* Base */ = {isa = PBXFileReference; lastKnownFileType = file.storyboard; name = Base; path = Base.lproj/Main.storyboard; sourceTree = "<group>"; };
		3E6CB3322161D6AE00875C19 /* Assets.xcassets */ = {isa = PBXFileReference; lastKnownFileType = folder.assetcatalog; path = Assets.xcassets; sourceTree = "<group>"; };
		3E6CB3352161D6AE00875C19 /* Base */ = {isa = PBXFileReference; lastKnownFileType = file.storyboard; name = Base; path = Base.lproj/LaunchScreen.storyboard; sourceTree = "<group>"; };
		3E6CB3372161D6AE00875C19 /* Info.plist */ = {isa = PBXFileReference; lastKnownFileType = text.plist.xml; path = Info.plist; sourceTree = "<group>"; };
		3E6CB33D2162A2AB00875C19 /* CollectionView.swift */ = {isa = PBXFileReference; lastKnownFileType = sourcecode.swift; path = CollectionView.swift; sourceTree = "<group>"; };
		3E6CB33F2162DF6400875C19 /* Layout.swift */ = {isa = PBXFileReference; lastKnownFileType = sourcecode.swift; path = Layout.swift; sourceTree = "<group>"; };
		B3FE246459712FFBEAB4FE31 /* Pods-YogaTest.release.xcconfig */ = {isa = PBXFileReference; includeInIndex = 1; lastKnownFileType = text.xcconfig; name = "Pods-YogaTest.release.xcconfig"; path = "Pods/Target Support Files/Pods-YogaTest/Pods-YogaTest.release.xcconfig"; sourceTree = "<group>"; };
/* End PBXFileReference section */

/* Begin PBXFrameworksBuildPhase section */
		3E6CB3252161D6AC00875C19 /* Frameworks */ = {
			isa = PBXFrameworksBuildPhase;
			buildActionMask = 2147483647;
			files = (
				B12905E644EF1EA0F68A74FC /* Pods_YogaTest.framework in Frameworks */,
			);
			runOnlyForDeploymentPostprocessing = 0;
		};
/* End PBXFrameworksBuildPhase section */

/* Begin PBXGroup section */
		3E6CB31F2161D6AC00875C19 = {
			isa = PBXGroup;
			children = (
				3E6CB32A2161D6AC00875C19 /* YogaTest */,
				3E6CB3292161D6AC00875C19 /* Products */,
				8F1CBAEAE432DD67396CD612 /* Pods */,
				5CD914A729183383DE245F7B /* Frameworks */,
			);
			sourceTree = "<group>";
		};
		3E6CB3292161D6AC00875C19 /* Products */ = {
			isa = PBXGroup;
			children = (
				3E6CB3282161D6AC00875C19 /* YogaTest.app */,
			);
			name = Products;
			sourceTree = "<group>";
		};
		3E6CB32A2161D6AC00875C19 /* YogaTest */ = {
			isa = PBXGroup;
			children = (
				3E6CB32B2161D6AC00875C19 /* AppDelegate.swift */,
				3E6CB32D2161D6AC00875C19 /* ViewController.swift */,
				3E6CB33F2162DF6400875C19 /* Layout.swift */,
				3E6CB33D2162A2AB00875C19 /* CollectionView.swift */,
				3E6CB32F2161D6AC00875C19 /* Main.storyboard */,
				3E6CB3322161D6AE00875C19 /* Assets.xcassets */,
				3E6CB3342161D6AE00875C19 /* LaunchScreen.storyboard */,
				3E6CB3372161D6AE00875C19 /* Info.plist */,
			);
			path = YogaTest;
			sourceTree = "<group>";
		};
		5CD914A729183383DE245F7B /* Frameworks */ = {
			isa = PBXGroup;
			children = (
				0D635362BA424D1C7BD47559 /* Pods_YogaTest.framework */,
			);
			name = Frameworks;
			sourceTree = "<group>";
		};
		8F1CBAEAE432DD67396CD612 /* Pods */ = {
			isa = PBXGroup;
			children = (
				3C30E7EBDB81F197C654EAD8 /* Pods-YogaTest.debug.xcconfig */,
				B3FE246459712FFBEAB4FE31 /* Pods-YogaTest.release.xcconfig */,
			);
			name = Pods;
			sourceTree = "<group>";
		};
/* End PBXGroup section */

/* Begin PBXNativeTarget section */
		3E6CB3272161D6AC00875C19 /* YogaTest */ = {
			isa = PBXNativeTarget;
			buildConfigurationList = 3E6CB33A2161D6AE00875C19 /* Build configuration list for PBXNativeTarget "YogaTest" */;
			buildPhases = (
				3254A05FA49C3C3FD3D5BE70 /* [CP] Check Pods Manifest.lock */,
				3E6CB3242161D6AC00875C19 /* Sources */,
				3E6CB3252161D6AC00875C19 /* Frameworks */,
				3E6CB3262161D6AC00875C19 /* Resources */,
				F6C2BF114FF64FF2CBC2B58C /* [CP] Embed Pods Frameworks */,
			);
			buildRules = (
			);
			dependencies = (
			);
			name = YogaTest;
			productName = YogaTest;
			productReference = 3E6CB3282161D6AC00875C19 /* YogaTest.app */;
			productType = "com.apple.product-type.application";
		};
/* End PBXNativeTarget section */

/* Begin PBXProject section */
		3E6CB3202161D6AC00875C19 /* Project object */ = {
			isa = PBXProject;
			attributes = {
				LastSwiftUpdateCheck = 1000;
				LastUpgradeCheck = 1000;
				ORGANIZATIONNAME = "Denis Litvin";
				TargetAttributes = {
					3E6CB3272161D6AC00875C19 = {
						CreatedOnToolsVersion = 10.0;
					};
				};
			};
			buildConfigurationList = 3E6CB3232161D6AC00875C19 /* Build configuration list for PBXProject "YogaTest" */;
			compatibilityVersion = "Xcode 9.3";
			developmentRegion = en;
			hasScannedForEncodings = 0;
			knownRegions = (
				en,
				Base,
			);
			mainGroup = 3E6CB31F2161D6AC00875C19;
			productRefGroup = 3E6CB3292161D6AC00875C19 /* Products */;
			projectDirPath = "";
			projectRoot = "";
			targets = (
				3E6CB3272161D6AC00875C19 /* YogaTest */,
			);
		};
/* End PBXProject section */

/* Begin PBXResourcesBuildPhase section */
		3E6CB3262161D6AC00875C19 /* Resources */ = {
			isa = PBXResourcesBuildPhase;
			buildActionMask = 2147483647;
			files = (
				3E6CB3362161D6AE00875C19 /* LaunchScreen.storyboard in Resources */,
				3E6CB3332161D6AE00875C19 /* Assets.xcassets in Resources */,
				3E6CB3312161D6AC00875C19 /* Main.storyboard in Resources */,
			);
			runOnlyForDeploymentPostprocessing = 0;
		};
/* End PBXResourcesBuildPhase section */

/* Begin PBXShellScriptBuildPhase section */
		3254A05FA49C3C3FD3D5BE70 /* [CP] Check Pods Manifest.lock */ = {
			isa = PBXShellScriptBuildPhase;
			buildActionMask = 2147483647;
			files = (
			);
			inputPaths = (
				"${PODS_PODFILE_DIR_PATH}/Podfile.lock",
				"${PODS_ROOT}/Manifest.lock",
			);
			name = "[CP] Check Pods Manifest.lock";
			outputPaths = (
				"$(DERIVED_FILE_DIR)/Pods-YogaTest-checkManifestLockResult.txt",
			);
			runOnlyForDeploymentPostprocessing = 0;
			shellPath = /bin/sh;
			shellScript = "diff \"${PODS_PODFILE_DIR_PATH}/Podfile.lock\" \"${PODS_ROOT}/Manifest.lock\" > /dev/null\nif [ $? != 0 ] ; then\n    # print error to STDERR\n    echo \"error: The sandbox is not in sync with the Podfile.lock. Run 'pod install' or update your CocoaPods installation.\" >&2\n    exit 1\nfi\n# This output is used by Xcode 'outputs' to avoid re-running this script phase.\necho \"SUCCESS\" > \"${SCRIPT_OUTPUT_FILE_0}\"\n";
			showEnvVarsInLog = 0;
		};
		F6C2BF114FF64FF2CBC2B58C /* [CP] Embed Pods Frameworks */ = {
			isa = PBXShellScriptBuildPhase;
			buildActionMask = 2147483647;
			files = (
			);
			inputPaths = (
				"${SRCROOT}/Pods/Target Support Files/Pods-YogaTest/Pods-YogaTest-frameworks.sh",
				"${BUILT_PRODUCTS_DIR}/FlexLayout/FlexLayout.framework",
				"${BUILT_PRODUCTS_DIR}/Pinner/Pinner.framework",
			);
			name = "[CP] Embed Pods Frameworks";
			outputPaths = (
				"${TARGET_BUILD_DIR}/${FRAMEWORKS_FOLDER_PATH}/FlexLayout.framework",
				"${TARGET_BUILD_DIR}/${FRAMEWORKS_FOLDER_PATH}/Pinner.framework",
			);
			runOnlyForDeploymentPostprocessing = 0;
			shellPath = /bin/sh;
			shellScript = "\"${SRCROOT}/Pods/Target Support Files/Pods-YogaTest/Pods-YogaTest-frameworks.sh\"\n";
			showEnvVarsInLog = 0;
		};
/* End PBXShellScriptBuildPhase section */

/* Begin PBXSourcesBuildPhase section */
		3E6CB3242161D6AC00875C19 /* Sources */ = {
			isa = PBXSourcesBuildPhase;
			buildActionMask = 2147483647;
			files = (
				3E6CB33E2162A2AB00875C19 /* CollectionView.swift in Sources */,
				3E6CB3402162DF6400875C19 /* Layout.swift in Sources */,
				3E6CB32E2161D6AC00875C19 /* ViewController.swift in Sources */,
				3E6CB32C2161D6AC00875C19 /* AppDelegate.swift in Sources */,
			);
			runOnlyForDeploymentPostprocessing = 0;
		};
/* End PBXSourcesBuildPhase section */

/* Begin PBXVariantGroup section */
		3E6CB32F2161D6AC00875C19 /* Main.storyboard */ = {
			isa = PBXVariantGroup;
			children = (
				3E6CB3302161D6AC00875C19 /* Base */,
			);
			name = Main.storyboard;
			sourceTree = "<group>";
		};
		3E6CB3342161D6AE00875C19 /* LaunchScreen.storyboard */ = {
			isa = PBXVariantGroup;
			children = (
				3E6CB3352161D6AE00875C19 /* Base */,
			);
			name = LaunchScreen.storyboard;
			sourceTree = "<group>";
		};
/* End PBXVariantGroup section */

/* Begin XCBuildConfiguration section */
		3E6CB3382161D6AE00875C19 /* Debug */ = {
			isa = XCBuildConfiguration;
			buildSettings = {
				ALWAYS_SEARCH_USER_PATHS = NO;
				CLANG_ANALYZER_NONNULL = YES;
				CLANG_ANALYZER_NUMBER_OBJECT_CONVERSION = YES_AGGRESSIVE;
				CLANG_CXX_LANGUAGE_STANDARD = "gnu++14";
				CLANG_CXX_LIBRARY = "libc++";
				CLANG_ENABLE_MODULES = YES;
				CLANG_ENABLE_OBJC_ARC = YES;
				CLANG_ENABLE_OBJC_WEAK = YES;
				CLANG_WARN_BLOCK_CAPTURE_AUTORELEASING = YES;
				CLANG_WARN_BOOL_CONVERSION = YES;
				CLANG_WARN_COMMA = YES;
				CLANG_WARN_CONSTANT_CONVERSION = YES;
				CLANG_WARN_DEPRECATED_OBJC_IMPLEMENTATIONS = YES;
				CLANG_WARN_DIRECT_OBJC_ISA_USAGE = YES_ERROR;
				CLANG_WARN_DOCUMENTATION_COMMENTS = YES;
				CLANG_WARN_EMPTY_BODY = YES;
				CLANG_WARN_ENUM_CONVERSION = YES;
				CLANG_WARN_INFINITE_RECURSION = YES;
				CLANG_WARN_INT_CONVERSION = YES;
				CLANG_WARN_NON_LITERAL_NULL_CONVERSION = YES;
				CLANG_WARN_OBJC_IMPLICIT_RETAIN_SELF = YES;
				CLANG_WARN_OBJC_LITERAL_CONVERSION = YES;
				CLANG_WARN_OBJC_ROOT_CLASS = YES_ERROR;
				CLANG_WARN_RANGE_LOOP_ANALYSIS = YES;
				CLANG_WARN_STRICT_PROTOTYPES = YES;
				CLANG_WARN_SUSPICIOUS_MOVE = YES;
				CLANG_WARN_UNGUARDED_AVAILABILITY = YES_AGGRESSIVE;
				CLANG_WARN_UNREACHABLE_CODE = YES;
				CLANG_WARN__DUPLICATE_METHOD_MATCH = YES;
				CODE_SIGN_IDENTITY = "iPhone Developer";
				COPY_PHASE_STRIP = NO;
				DEBUG_INFORMATION_FORMAT = dwarf;
				ENABLE_STRICT_OBJC_MSGSEND = YES;
				ENABLE_TESTABILITY = YES;
				GCC_C_LANGUAGE_STANDARD = gnu11;
				GCC_DYNAMIC_NO_PIC = NO;
				GCC_NO_COMMON_BLOCKS = YES;
				GCC_OPTIMIZATION_LEVEL = 0;
				GCC_PREPROCESSOR_DEFINITIONS = (
					"DEBUG=1",
					"$(inherited)",
				);
				GCC_WARN_64_TO_32_BIT_CONVERSION = YES;
				GCC_WARN_ABOUT_RETURN_TYPE = YES_ERROR;
				GCC_WARN_UNDECLARED_SELECTOR = YES;
				GCC_WARN_UNINITIALIZED_AUTOS = YES_AGGRESSIVE;
				GCC_WARN_UNUSED_FUNCTION = YES;
				GCC_WARN_UNUSED_VARIABLE = YES;
				IPHONEOS_DEPLOYMENT_TARGET = 12.0;
				MTL_ENABLE_DEBUG_INFO = INCLUDE_SOURCE;
				MTL_FAST_MATH = YES;
				ONLY_ACTIVE_ARCH = YES;
				SDKROOT = iphoneos;
				SWIFT_ACTIVE_COMPILATION_CONDITIONS = DEBUG;
				SWIFT_OPTIMIZATION_LEVEL = "-Onone";
			};
			name = Debug;
		};
		3E6CB3392161D6AE00875C19 /* Release */ = {
			isa = XCBuildConfiguration;
			buildSettings = {
				ALWAYS_SEARCH_USER_PATHS = NO;
				CLANG_ANALYZER_NONNULL = YES;
				CLANG_ANALYZER_NUMBER_OBJECT_CONVERSION = YES_AGGRESSIVE;
				CLANG_CXX_LANGUAGE_STANDARD = "gnu++14";
				CLANG_CXX_LIBRARY = "libc++";
				CLANG_ENABLE_MODULES = YES;
				CLANG_ENABLE_OBJC_ARC = YES;
				CLANG_ENABLE_OBJC_WEAK = YES;
				CLANG_WARN_BLOCK_CAPTURE_AUTORELEASING = YES;
				CLANG_WARN_BOOL_CONVERSION = YES;
				CLANG_WARN_COMMA = YES;
				CLANG_WARN_CONSTANT_CONVERSION = YES;
				CLANG_WARN_DEPRECATED_OBJC_IMPLEMENTATIONS = YES;
				CLANG_WARN_DIRECT_OBJC_ISA_USAGE = YES_ERROR;
				CLANG_WARN_DOCUMENTATION_COMMENTS = YES;
				CLANG_WARN_EMPTY_BODY = YES;
				CLANG_WARN_ENUM_CONVERSION = YES;
				CLANG_WARN_INFINITE_RECURSION = YES;
				CLANG_WARN_INT_CONVERSION = YES;
				CLANG_WARN_NON_LITERAL_NULL_CONVERSION = YES;
				CLANG_WARN_OBJC_IMPLICIT_RETAIN_SELF = YES;
				CLANG_WARN_OBJC_LITERAL_CONVERSION = YES;
				CLANG_WARN_OBJC_ROOT_CLASS = YES_ERROR;
				CLANG_WARN_RANGE_LOOP_ANALYSIS = YES;
				CLANG_WARN_STRICT_PROTOTYPES = YES;
				CLANG_WARN_SUSPICIOUS_MOVE = YES;
				CLANG_WARN_UNGUARDED_AVAILABILITY = YES_AGGRESSIVE;
				CLANG_WARN_UNREACHABLE_CODE = YES;
				CLANG_WARN__DUPLICATE_METHOD_MATCH = YES;
				CODE_SIGN_IDENTITY = "iPhone Developer";
				COPY_PHASE_STRIP = NO;
				DEBUG_INFORMATION_FORMAT = "dwarf-with-dsym";
				ENABLE_NS_ASSERTIONS = NO;
				ENABLE_STRICT_OBJC_MSGSEND = YES;
				GCC_C_LANGUAGE_STANDARD = gnu11;
				GCC_NO_COMMON_BLOCKS = YES;
				GCC_WARN_64_TO_32_BIT_CONVERSION = YES;
				GCC_WARN_ABOUT_RETURN_TYPE = YES_ERROR;
				GCC_WARN_UNDECLARED_SELECTOR = YES;
				GCC_WARN_UNINITIALIZED_AUTOS = YES_AGGRESSIVE;
				GCC_WARN_UNUSED_FUNCTION = YES;
				GCC_WARN_UNUSED_VARIABLE = YES;
				IPHONEOS_DEPLOYMENT_TARGET = 12.0;
				MTL_ENABLE_DEBUG_INFO = NO;
				MTL_FAST_MATH = YES;
				SDKROOT = iphoneos;
				SWIFT_COMPILATION_MODE = wholemodule;
				SWIFT_OPTIMIZATION_LEVEL = "-O";
				VALIDATE_PRODUCT = YES;
			};
			name = Release;
		};
		3E6CB33B2161D6AE00875C19 /* Debug */ = {
			isa = XCBuildConfiguration;
			baseConfigurationReference = 3C30E7EBDB81F197C654EAD8 /* Pods-YogaTest.debug.xcconfig */;
			buildSettings = {
				ASSETCATALOG_COMPILER_APPICON_NAME = AppIcon;
				CODE_SIGN_STYLE = Automatic;
				DEVELOPMENT_TEAM = 899H4EHHS7;
				INFOPLIST_FILE = YogaTest/Info.plist;
				LD_RUNPATH_SEARCH_PATHS = (
					"$(inherited)",
					"@executable_path/Frameworks",
				);
				PRODUCT_BUNDLE_IDENTIFIER = com.DenisLitvin.YogaTest;
				PRODUCT_NAME = "$(TARGET_NAME)";
				SWIFT_VERSION = 4.2;
				TARGETED_DEVICE_FAMILY = "1,2";
			};
			name = Debug;
		};
		3E6CB33C2161D6AE00875C19 /* Release */ = {
			isa = XCBuildConfiguration;
			baseConfigurationReference = B3FE246459712FFBEAB4FE31 /* Pods-YogaTest.release.xcconfig */;
			buildSettings = {
				ASSETCATALOG_COMPILER_APPICON_NAME = AppIcon;
				CODE_SIGN_STYLE = Automatic;
				DEVELOPMENT_TEAM = 899H4EHHS7;
				INFOPLIST_FILE = YogaTest/Info.plist;
				LD_RUNPATH_SEARCH_PATHS = (
					"$(inherited)",
					"@executable_path/Frameworks",
				);
				PRODUCT_BUNDLE_IDENTIFIER = com.DenisLitvin.YogaTest;
				PRODUCT_NAME = "$(TARGET_NAME)";
				SWIFT_VERSION = 4.2;
				TARGETED_DEVICE_FAMILY = "1,2";
			};
			name = Release;
		};
/* End XCBuildConfiguration section */

/* Begin XCConfigurationList section */
		3E6CB3232161D6AC00875C19 /* Build configuration list for PBXProject "YogaTest" */ = {
			isa = XCConfigurationList;
			buildConfigurations = (
				3E6CB3382161D6AE00875C19 /* Debug */,
				3E6CB3392161D6AE00875C19 /* Release */,
			);
			defaultConfigurationIsVisible = 0;
			defaultConfigurationName = Release;
		};
		3E6CB33A2161D6AE00875C19 /* Build configuration list for PBXNativeTarget "YogaTest" */ = {
			isa = XCConfigurationList;
			buildConfigurations = (
				3E6CB33B2161D6AE00875C19 /* Debug */,
				3E6CB33C2161D6AE00875C19 /* Release */,
			);
			defaultConfigurationIsVisible = 0;
			defaultConfigurationName = Release;
		};
/* End XCConfigurationList section */
	};
	rootObject = 3E6CB3202161D6AC00875C19 /* Project object */;
}
